
Microsoft Visual Studio Solution File, Format Version 12.00
# Visual Studio Version 16
VisualStudioVersion = 16.0.31019.35
MinimumVisualStudioVersion = 10.0.40219.1
Project("{9A19103F-16F7-4668-BE54-9A1E7A4F7556}") = "Inventory", "Inventory.csproj", "{B5659AAE-315E-4A39-B7EE-EEFF9EAC18E5}"
EndProject
Project("{9A19103F-16F7-4668-BE54-9A1E7A4F7556}") = "Entities", "..\Entities\Entities.csproj", "{3F6F17DE-561A-42E4-88B4-DEE17D2F61BD}"
EndProject
Project("{9A19103F-16F7-4668-BE54-9A1E7A4F7556}") = "DataAcces", "..\DataAcces\DataAcces.csproj", "{E3BDD359-0693-4403-83E9-3FFDC3FEA3FC}"
EndProject
Project("{9A19103F-16F7-4668-BE54-9A1E7A4F7556}") = "Business", "..\Business\Business.csproj", "{958A9748-7DDA-44A8-B18A-95B02A458258}"
EndProject
Global
	GlobalSection(SolutionConfigurationPlatforms) = preSolution
		Debug|Any CPU = Debug|Any CPU
		Release|Any CPU = Release|Any CPU
	EndGlobalSection
	GlobalSection(ProjectConfigurationPlatforms) = postSolution
		{B5659AAE-315E-4A39-B7EE-EEFF9EAC18E5}.Debug|Any CPU.ActiveCfg = Debug|Any CPU
		{B5659AAE-315E-4A39-B7EE-EEFF9EAC18E5}.Debug|Any CPU.Build.0 = Debug|Any CPU
		{B5659AAE-315E-4A39-B7EE-EEFF9EAC18E5}.Release|Any CPU.ActiveCfg = Release|Any CPU
		{B5659AAE-315E-4A39-B7EE-EEFF9EAC18E5}.Release|Any CPU.Build.0 = Release|Any CPU
		{3F6F17DE-561A-42E4-88B4-DEE17D2F61BD}.Debug|Any CPU.ActiveCfg = Debug|Any CPU
		{3F6F17DE-561A-42E4-88B4-DEE17D2F61BD}.Debug|Any CPU.Build.0 = Debug|Any CPU
		{3F6F17DE-561A-42E4-88B4-DEE17D2F61BD}.Release|Any CPU.ActiveCfg = Release|Any CPU
		{3F6F17DE-561A-42E4-88B4-DEE17D2F61BD}.Release|Any CPU.Build.0 = Release|Any CPU
		{E3BDD359-0693-4403-83E9-3FFDC3FEA3FC}.Debug|Any CPU.ActiveCfg = Debug|Any CPU
		{E3BDD359-0693-4403-83E9-3FFDC3FEA3FC}.Debug|Any CPU.Build.0 = Debug|Any CPU
		{E3BDD359-0693-4403-83E9-3FFDC3FEA3FC}.Release|Any CPU.ActiveCfg = Release|Any CPU
		{E3BDD359-0693-4403-83E9-3FFDC3FEA3FC}.Release|Any CPU.Build.0 = Release|Any CPU
		{958A9748-7DDA-44A8-B18A-95B02A458258}.Debug|Any CPU.ActiveCfg = Debug|Any CPU
		{958A9748-7DDA-44A8-B18A-95B02A458258}.Debug|Any CPU.Build.0 = Debug|Any CPU
		{958A9748-7DDA-44A8-B18A-95B02A458258}.Release|Any CPU.ActiveCfg = Release|Any CPU
		{958A9748-7DDA-44A8-B18A-95B02A458258}.Release|Any CPU.Build.0 = Release|Any CPU
	EndGlobalSection
	GlobalSection(SolutionProperties) = preSolution
		HideSolutionNode = FALSE
	EndGlobalSection
	GlobalSection(ExtensibilityGlobals) = postSolution
		SolutionGuid = {CE283ECD-8808-4A7B-A059-4DE57A552562}
	EndGlobalSection
EndGlobal
